// !$*UTF8*$!
{
	archiveVersion = 1;
	classes = {
	};
	objectVersion = 56;
	objects = {

/* Begin PBXBuildFile section */
		DB0326202B864BAE00DB27A5 /* AppDelegate.swift in Sources */ = {isa = PBXBuildFile; fileRef = DB03261F2B864BAE00DB27A5 /* AppDelegate.swift */; };
		DB0326222B864BAE00DB27A5 /* SceneDelegate.swift in Sources */ = {isa = PBXBuildFile; fileRef = DB0326212B864BAE00DB27A5 /* SceneDelegate.swift */; };
		DB0326242B864BAE00DB27A5 /* ViewController.swift in Sources */ = {isa = PBXBuildFile; fileRef = DB0326232B864BAE00DB27A5 /* ViewController.swift */; };
		DB0326272B864BAE00DB27A5 /* Main.storyboard in Resources */ = {isa = PBXBuildFile; fileRef = DB0326252B864BAE00DB27A5 /* Main.storyboard */; };
		DB0326292B864BB000DB27A5 /* Assets.xcassets in Resources */ = {isa = PBXBuildFile; fileRef = DB0326282B864BB000DB27A5 /* Assets.xcassets */; };
		DB03262C2B864BB000DB27A5 /* LaunchScreen.storyboard in Resources */ = {isa = PBXBuildFile; fileRef = DB03262A2B864BB000DB27A5 /* LaunchScreen.storyboard */; };
		DB0326372B864BB000DB27A5 /* Personality_QuizTests.swift in Sources */ = {isa = PBXBuildFile; fileRef = DB0326362B864BB000DB27A5 /* Personality_QuizTests.swift */; };
		DB0326412B864BB000DB27A5 /* Personality_QuizUITests.swift in Sources */ = {isa = PBXBuildFile; fileRef = DB0326402B864BB000DB27A5 /* Personality_QuizUITests.swift */; };
		DB0326432B864BB000DB27A5 /* Personality_QuizUITestsLaunchTests.swift in Sources */ = {isa = PBXBuildFile; fileRef = DB0326422B864BB000DB27A5 /* Personality_QuizUITestsLaunchTests.swift */; };
/* End PBXBuildFile section */

/* Begin PBXContainerItemProxy section */
		DB0326332B864BB000DB27A5 /* PBXContainerItemProxy */ = {
			isa = PBXContainerItemProxy;
			containerPortal = DB0326142B864BAE00DB27A5 /* Project object */;
			proxyType = 1;
			remoteGlobalIDString = DB03261B2B864BAE00DB27A5;
			remoteInfo = "Personality Quiz";
		};
		DB03263D2B864BB000DB27A5 /* PBXContainerItemProxy */ = {
			isa = PBXContainerItemProxy;
			containerPortal = DB0326142B864BAE00DB27A5 /* Project object */;
			proxyType = 1;
			remoteGlobalIDString = DB03261B2B864BAE00DB27A5;
			remoteInfo = "Personality Quiz";
		};
/* End PBXContainerItemProxy section */

/* Begin PBXFileReference section */
		DB03261C2B864BAE00DB27A5 /* Personality Quiz.app */ = {isa = PBXFileReference; explicitFileType = wrapper.application; includeInIndex = 0; path = "Personality Quiz.app"; sourceTree = BUILT_PRODUCTS_DIR; };
		DB03261F2B864BAE00DB27A5 /* AppDelegate.swift */ = {isa = PBXFileReference; lastKnownFileType = sourcecode.swift; path = AppDelegate.swift; sourceTree = "<group>"; };
		DB0326212B864BAE00DB27A5 /* SceneDelegate.swift */ = {isa = PBXFileReference; lastKnownFileType = sourcecode.swift; path = SceneDelegate.swift; sourceTree = "<group>"; };
		DB0326232B864BAE00DB27A5 /* ViewController.swift */ = {isa = PBXFileReference; lastKnownFileType = sourcecode.swift; path = ViewController.swift; sourceTree = "<group>"; };
		DB0326262B864BAE00DB27A5 /* Base */ = {isa = PBXFileReference; lastKnownFileType = file.storyboard; name = Base; path = Base.lproj/Main.storyboard; sourceTree = "<group>"; };
		DB0326282B864BB000DB27A5 /* Assets.xcassets */ = {isa = PBXFileReference; lastKnownFileType = folder.assetcatalog; path = Assets.xcassets; sourceTree = "<group>"; };
		DB03262B2B864BB000DB27A5 /* Base */ = {isa = PBXFileReference; lastKnownFileType = file.storyboard; name = Base; path = Base.lproj/LaunchScreen.storyboard; sourceTree = "<group>"; };
		DB03262D2B864BB000DB27A5 /* Info.plist */ = {isa = PBXFileReference; lastKnownFileType = text.plist.xml; path = Info.plist; sourceTree = "<group>"; };
		DB0326322B864BB000DB27A5 /* Personality QuizTests.xctest */ = {isa = PBXFileReference; explicitFileType = wrapper.cfbundle; includeInIndex = 0; path = "Personality QuizTests.xctest"; sourceTree = BUILT_PRODUCTS_DIR; };
		DB0326362B864BB000DB27A5 /* Personality_QuizTests.swift */ = {isa = PBXFileReference; lastKnownFileType = sourcecode.swift; path = Personality_QuizTests.swift; sourceTree = "<group>"; };
		DB03263C2B864BB000DB27A5 /* Personality QuizUITests.xctest */ = {isa = PBXFileReference; explicitFileType = wrapper.cfbundle; includeInIndex = 0; path = "Personality QuizUITests.xctest"; sourceTree = BUILT_PRODUCTS_DIR; };
		DB0326402B864BB000DB27A5 /* Personality_QuizUITests.swift */ = {isa = PBXFileReference; lastKnownFileType = sourcecode.swift; path = Personality_QuizUITests.swift; sourceTree = "<group>"; };
		DB0326422B864BB000DB27A5 /* Personality_QuizUITestsLaunchTests.swift */ = {isa = PBXFileReference; lastKnownFileType = sourcecode.swift; path = Personality_QuizUITestsLaunchTests.swift; sourceTree = "<group>"; };
/* End PBXFileReference section */

/* Begin PBXFrameworksBuildPhase section */
		DB0326192B864BAE00DB27A5 /* Frameworks */ = {
			isa = PBXFrameworksBuildPhase;
			buildActionMask = 2147483647;
			files = (
			);
			runOnlyForDeploymentPostprocessing = 0;
		};
		DB03262F2B864BB000DB27A5 /* Frameworks */ = {
			isa = PBXFrameworksBuildPhase;
			buildActionMask = 2147483647;
			files = (
			);
			runOnlyForDeploymentPostprocessing = 0;
		};
		DB0326392B864BB000DB27A5 /* Frameworks */ = {
			isa = PBXFrameworksBuildPhase;
			buildActionMask = 2147483647;
			files = (
			);
			runOnlyForDeploymentPostprocessing = 0;
		};
/* End PBXFrameworksBuildPhase section */

/* Begin PBXGroup section */
		DB0326132B864BAE00DB27A5 = {
			isa = PBXGroup;
			children = (
				DB03261E2B864BAE00DB27A5 /* Personality Quiz */,
				DB0326352B864BB000DB27A5 /* Personality QuizTests */,
				DB03263F2B864BB000DB27A5 /* Personality QuizUITests */,
				DB03261D2B864BAE00DB27A5 /* Products */,
			);
			sourceTree = "<group>";
		};
		DB03261D2B864BAE00DB27A5 /* Products */ = {
			isa = PBXGroup;
			children = (
				DB03261C2B864BAE00DB27A5 /* Personality Quiz.app */,
				DB0326322B864BB000DB27A5 /* Personality QuizTests.xctest */,
				DB03263C2B864BB000DB27A5 /* Personality QuizUITests.xctest */,
			);
			name = Products;
			sourceTree = "<group>";
		};
		DB03261E2B864BAE00DB27A5 /* Personality Quiz */ = {
			isa = PBXGroup;
			children = (
				DB03261F2B864BAE00DB27A5 /* AppDelegate.swift */,
				DB0326212B864BAE00DB27A5 /* SceneDelegate.swift */,
				DB0326232B864BAE00DB27A5 /* ViewController.swift */,
				DB0326252B864BAE00DB27A5 /* Main.storyboard */,
				DB0326282B864BB000DB27A5 /* Assets.xcassets */,
				DB03262A2B864BB000DB27A5 /* LaunchScreen.storyboard */,
				DB03262D2B864BB000DB27A5 /* Info.plist */,
			);
			path = "Personality Quiz";
			sourceTree = "<group>";
		};
		DB0326352B864BB000DB27A5 /* Personality QuizTests */ = {
			isa = PBXGroup;
			children = (
				DB0326362B864BB000DB27A5 /* Personality_QuizTests.swift */,
			);
			path = "Personality QuizTests";
			sourceTree = "<group>";
		};
		DB03263F2B864BB000DB27A5 /* Personality QuizUITests */ = {
			isa = PBXGroup;
			children = (
				DB0326402B864BB000DB27A5 /* Personality_QuizUITests.swift */,
				DB0326422B864BB000DB27A5 /* Personality_QuizUITestsLaunchTests.swift */,
			);
			path = "Personality QuizUITests";
			sourceTree = "<group>";
		};
/* End PBXGroup section */

/* Begin PBXNativeTarget section */
		DB03261B2B864BAE00DB27A5 /* Personality Quiz */ = {
			isa = PBXNativeTarget;
			buildConfigurationList = DB0326462B864BB000DB27A5 /* Build configuration list for PBXNativeTarget "Personality Quiz" */;
			buildPhases = (
				DB0326182B864BAE00DB27A5 /* Sources */,
				DB0326192B864BAE00DB27A5 /* Frameworks */,
				DB03261A2B864BAE00DB27A5 /* Resources */,
			);
			buildRules = (
			);
			dependencies = (
			);
			name = "Personality Quiz";
			productName = "Personality Quiz";
			productReference = DB03261C2B864BAE00DB27A5 /* Personality Quiz.app */;
			productType = "com.apple.product-type.application";
		};
		DB0326312B864BB000DB27A5 /* Personality QuizTests */ = {
			isa = PBXNativeTarget;
			buildConfigurationList = DB0326492B864BB000DB27A5 /* Build configuration list for PBXNativeTarget "Personality QuizTests" */;
			buildPhases = (
				DB03262E2B864BB000DB27A5 /* Sources */,
				DB03262F2B864BB000DB27A5 /* Frameworks */,
				DB0326302B864BB000DB27A5 /* Resources */,
			);
			buildRules = (
			);
			dependencies = (
				DB0326342B864BB000DB27A5 /* PBXTargetDependency */,
			);
			name = "Personality QuizTests";
			productName = "Personality QuizTests";
			productReference = DB0326322B864BB000DB27A5 /* Personality QuizTests.xctest */;
			productType = "com.apple.product-type.bundle.unit-test";
		};
		DB03263B2B864BB000DB27A5 /* Personality QuizUITests */ = {
			isa = PBXNativeTarget;
			buildConfigurationList = DB03264C2B864BB000DB27A5 /* Build configuration list for PBXNativeTarget "Personality QuizUITests" */;
			buildPhases = (
				DB0326382B864BB000DB27A5 /* Sources */,
				DB0326392B864BB000DB27A5 /* Frameworks */,
				DB03263A2B864BB000DB27A5 /* Resources */,
			);
			buildRules = (
			);
			dependencies = (
				DB03263E2B864BB000DB27A5 /* PBXTargetDependency */,
			);
			name = "Personality QuizUITests";
			productName = "Personality QuizUITests";
			productReference = DB03263C2B864BB000DB27A5 /* Personality QuizUITests.xctest */;
			productType = "com.apple.product-type.bundle.ui-testing";
		};
/* End PBXNativeTarget section */

/* Begin PBXProject section */
		DB0326142B864BAE00DB27A5 /* Project object */ = {
			isa = PBXProject;
			attributes = {
				BuildIndependentTargetsInParallel = 1;
				LastSwiftUpdateCheck = 1520;
				LastUpgradeCheck = 1520;
				TargetAttributes = {
					DB03261B2B864BAE00DB27A5 = {
						CreatedOnToolsVersion = 15.2;
					};
					DB0326312B864BB000DB27A5 = {
						CreatedOnToolsVersion = 15.2;
						TestTargetID = DB03261B2B864BAE00DB27A5;
					};
					DB03263B2B864BB000DB27A5 = {
						CreatedOnToolsVersion = 15.2;
						TestTargetID = DB03261B2B864BAE00DB27A5;
					};
				};
			};
			buildConfigurationList = DB0326172B864BAE00DB27A5 /* Build configuration list for PBXProject "Personality Quiz" */;
			compatibilityVersion = "Xcode 14.0";
			developmentRegion = en;
			hasScannedForEncodings = 0;
			knownRegions = (
				en,
				Base,
			);
			mainGroup = DB0326132B864BAE00DB27A5;
			productRefGroup = DB03261D2B864BAE00DB27A5 /* Products */;
			projectDirPath = "";
			projectRoot = "";
			targets = (
				DB03261B2B864BAE00DB27A5 /* Personality Quiz */,
				DB0326312B864BB000DB27A5 /* Personality QuizTests */,
				DB03263B2B864BB000DB27A5 /* Personality QuizUITests */,
			);
		};
/* End PBXProject section */

/* Begin PBXResourcesBuildPhase section */
		DB03261A2B864BAE00DB27A5 /* Resources */ = {
			isa = PBXResourcesBuildPhase;
			buildActionMask = 2147483647;
			files = (
				DB03262C2B864BB000DB27A5 /* LaunchScreen.storyboard in Resources */,
				DB0326292B864BB000DB27A5 /* Assets.xcassets in Resources */,
				DB0326272B864BAE00DB27A5 /* Main.storyboard in Resources */,
			);
			runOnlyForDeploymentPostprocessing = 0;
		};
		DB0326302B864BB000DB27A5 /* Resources */ = {
			isa = PBXResourcesBuildPhase;
			buildActionMask = 2147483647;
			files = (
			);
			runOnlyForDeploymentPostprocessing = 0;
		};
		DB03263A2B864BB000DB27A5 /* Resources */ = {
			isa = PBXResourcesBuildPhase;
			buildActionMask = 2147483647;
			files = (
			);
			runOnlyForDeploymentPostprocessing = 0;
		};
/* End PBXResourcesBuildPhase section */

/* Begin PBXSourcesBuildPhase section */
		DB0326182B864BAE00DB27A5 /* Sources */ = {
			isa = PBXSourcesBuildPhase;
			buildActionMask = 2147483647;
			files = (
				DB0326242B864BAE00DB27A5 /* ViewController.swift in Sources */,
				DB0326202B864BAE00DB27A5 /* AppDelegate.swift in Sources */,
				DB0326222B864BAE00DB27A5 /* SceneDelegate.swift in Sources */,
			);
			runOnlyForDeploymentPostprocessing = 0;
		};
		DB03262E2B864BB000DB27A5 /* Sources */ = {
			isa = PBXSourcesBuildPhase;
			buildActionMask = 2147483647;
			files = (
				DB0326372B864BB000DB27A5 /* Personality_QuizTests.swift in Sources */,
			);
			runOnlyForDeploymentPostprocessing = 0;
		};
		DB0326382B864BB000DB27A5 /* Sources */ = {
			isa = PBXSourcesBuildPhase;
			buildActionMask = 2147483647;
			files = (
				DB0326432B864BB000DB27A5 /* Personality_QuizUITestsLaunchTests.swift in Sources */,
				DB0326412B864BB000DB27A5 /* Personality_QuizUITests.swift in Sources */,
			);
			runOnlyForDeploymentPostprocessing = 0;
		};
/* End PBXSourcesBuildPhase section */

/* Begin PBXTargetDependency section */
		DB0326342B864BB000DB27A5 /* PBXTargetDependency */ = {
			isa = PBXTargetDependency;
			target = DB03261B2B864BAE00DB27A5 /* Personality Quiz */;
			targetProxy = DB0326332B864BB000DB27A5 /* PBXContainerItemProxy */;
		};
		DB03263E2B864BB000DB27A5 /* PBXTargetDependency */ = {
			isa = PBXTargetDependency;
			target = DB03261B2B864BAE00DB27A5 /* Personality Quiz */;
			targetProxy = DB03263D2B864BB000DB27A5 /* PBXContainerItemProxy */;
		};
/* End PBXTargetDependency section */

/* Begin PBXVariantGroup section */
		DB0326252B864BAE00DB27A5 /* Main.storyboard */ = {
			isa = PBXVariantGroup;
			children = (
				DB0326262B864BAE00DB27A5 /* Base */,
			);
			name = Main.storyboard;
			sourceTree = "<group>";
		};
		DB03262A2B864BB000DB27A5 /* LaunchScreen.storyboard */ = {
			isa = PBXVariantGroup;
			children = (
				DB03262B2B864BB000DB27A5 /* Base */,
			);
			name = LaunchScreen.storyboard;
			sourceTree = "<group>";
		};
/* End PBXVariantGroup section */

/* Begin XCBuildConfiguration section */
		DB0326442B864BB000DB27A5 /* Debug */ = {
			isa = XCBuildConfiguration;
			buildSettings = {
				ALWAYS_SEARCH_USER_PATHS = NO;
				ASSETCATALOG_COMPILER_GENERATE_SWIFT_ASSET_SYMBOL_EXTENSIONS = YES;
				CLANG_ANALYZER_NONNULL = YES;
				CLANG_ANALYZER_NUMBER_OBJECT_CONVERSION = YES_AGGRESSIVE;
				CLANG_CXX_LANGUAGE_STANDARD = "gnu++20";
				CLANG_ENABLE_MODULES = YES;
				CLANG_ENABLE_OBJC_ARC = YES;
				CLANG_ENABLE_OBJC_WEAK = YES;
				CLANG_WARN_BLOCK_CAPTURE_AUTORELEASING = YES;
				CLANG_WARN_BOOL_CONVERSION = YES;
				CLANG_WARN_COMMA = YES;
				CLANG_WARN_CONSTANT_CONVERSION = YES;
				CLANG_WARN_DEPRECATED_OBJC_IMPLEMENTATIONS = YES;
				CLANG_WARN_DIRECT_OBJC_ISA_USAGE = YES_ERROR;
				CLANG_WARN_DOCUMENTATION_COMMENTS = YES;
				CLANG_WARN_EMPTY_BODY = YES;
				CLANG_WARN_ENUM_CONVERSION = YES;
				CLANG_WARN_INFINITE_RECURSION = YES;
				CLANG_WARN_INT_CONVERSION = YES;
				CLANG_WARN_NON_LITERAL_NULL_CONVERSION = YES;
				CLANG_WARN_OBJC_IMPLICIT_RETAIN_SELF = YES;
				CLANG_WARN_OBJC_LITERAL_CONVERSION = YES;
				CLANG_WARN_OBJC_ROOT_CLASS = YES_ERROR;
				CLANG_WARN_QUOTED_INCLUDE_IN_FRAMEWORK_HEADER = YES;
				CLANG_WARN_RANGE_LOOP_ANALYSIS = YES;
				CLANG_WARN_STRICT_PROTOTYPES = YES;
				CLANG_WARN_SUSPICIOUS_MOVE = YES;
				CLANG_WARN_UNGUARDED_AVAILABILITY = YES_AGGRESSIVE;
				CLANG_WARN_UNREACHABLE_CODE = YES;
				CLANG_WARN__DUPLICATE_METHOD_MATCH = YES;
				COPY_PHASE_STRIP = NO;
				DEBUG_INFORMATION_FORMAT = dwarf;
				ENABLE_STRICT_OBJC_MSGSEND = YES;
				ENABLE_TESTABILITY = YES;
				ENABLE_USER_SCRIPT_SANDBOXING = YES;
				GCC_C_LANGUAGE_STANDARD = gnu17;
				GCC_DYNAMIC_NO_PIC = NO;
				GCC_NO_COMMON_BLOCKS = YES;
				GCC_OPTIMIZATION_LEVEL = 0;
				GCC_PREPROCESSOR_DEFINITIONS = (
					"DEBUG=1",
					"$(inherited)",
				);
				GCC_WARN_64_TO_32_BIT_CONVERSION = YES;
				GCC_WARN_ABOUT_RETURN_TYPE = YES_ERROR;
				GCC_WARN_UNDECLARED_SELECTOR = YES;
				GCC_WARN_UNINITIALIZED_AUTOS = YES_AGGRESSIVE;
				GCC_WARN_UNUSED_FUNCTION = YES;
				GCC_WARN_UNUSED_VARIABLE = YES;
				IPHONEOS_DEPLOYMENT_TARGET = 17.2;
				LOCALIZATION_PREFERS_STRING_CATALOGS = YES;
				MTL_ENABLE_DEBUG_INFO = INCLUDE_SOURCE;
				MTL_FAST_MATH = YES;
				ONLY_ACTIVE_ARCH = YES;
				SDKROOT = iphoneos;
				SWIFT_ACTIVE_COMPILATION_CONDITIONS = "DEBUG $(inherited)";
				SWIFT_OPTIMIZATION_LEVEL = "-Onone";
			};
			name = Debug;
		};
		DB0326452B864BB000DB27A5 /* Release */ = {
			isa = XCBuildConfiguration;
			buildSettings = {
				ALWAYS_SEARCH_USER_PATHS = NO;
				ASSETCATALOG_COMPILER_GENERATE_SWIFT_ASSET_SYMBOL_EXTENSIONS = YES;
				CLANG_ANALYZER_NONNULL = YES;
				CLANG_ANALYZER_NUMBER_OBJECT_CONVERSION = YES_AGGRESSIVE;
				CLANG_CXX_LANGUAGE_STANDARD = "gnu++20";
				CLANG_ENABLE_MODULES = YES;
				CLANG_ENABLE_OBJC_ARC = YES;
				CLANG_ENABLE_OBJC_WEAK = YES;
				CLANG_WARN_BLOCK_CAPTURE_AUTORELEASING = YES;
				CLANG_WARN_BOOL_CONVERSION = YES;
				CLANG_WARN_COMMA = YES;
				CLANG_WARN_CONSTANT_CONVERSION = YES;
				CLANG_WARN_DEPRECATED_OBJC_IMPLEMENTATIONS = YES;
				CLANG_WARN_DIRECT_OBJC_ISA_USAGE = YES_ERROR;
				CLANG_WARN_DOCUMENTATION_COMMENTS = YES;
				CLANG_WARN_EMPTY_BODY = YES;
				CLANG_WARN_ENUM_CONVERSION = YES;
				CLANG_WARN_INFINITE_RECURSION = YES;
				CLANG_WARN_INT_CONVERSION = YES;
				CLANG_WARN_NON_LITERAL_NULL_CONVERSION = YES;
				CLANG_WARN_OBJC_IMPLICIT_RETAIN_SELF = YES;
				CLANG_WARN_OBJC_LITERAL_CONVERSION = YES;
				CLANG_WARN_OBJC_ROOT_CLASS = YES_ERROR;
				CLANG_WARN_QUOTED_INCLUDE_IN_FRAMEWORK_HEADER = YES;
				CLANG_WARN_RANGE_LOOP_ANALYSIS = YES;
				CLANG_WARN_STRICT_PROTOTYPES = YES;
				CLANG_WARN_SUSPICIOUS_MOVE = YES;
				CLANG_WARN_UNGUARDED_AVAILABILITY = YES_AGGRESSIVE;
				CLANG_WARN_UNREACHABLE_CODE = YES;
				CLANG_WARN__DUPLICATE_METHOD_MATCH = YES;
				COPY_PHASE_STRIP = NO;
				DEBUG_INFORMATION_FORMAT = "dwarf-with-dsym";
				ENABLE_NS_ASSERTIONS = NO;
				ENABLE_STRICT_OBJC_MSGSEND = YES;
				ENABLE_USER_SCRIPT_SANDBOXING = YES;
				GCC_C_LANGUAGE_STANDARD = gnu17;
				GCC_NO_COMMON_BLOCKS = YES;
				GCC_WARN_64_TO_32_BIT_CONVERSION = YES;
				GCC_WARN_ABOUT_RETURN_TYPE = YES_ERROR;
				GCC_WARN_UNDECLARED_SELECTOR = YES;
				GCC_WARN_UNINITIALIZED_AUTOS = YES_AGGRESSIVE;
				GCC_WARN_UNUSED_FUNCTION = YES;
				GCC_WARN_UNUSED_VARIABLE = YES;
				IPHONEOS_DEPLOYMENT_TARGET = 17.2;
				LOCALIZATION_PREFERS_STRING_CATALOGS = YES;
				MTL_ENABLE_DEBUG_INFO = NO;
				MTL_FAST_MATH = YES;
				SDKROOT = iphoneos;
				SWIFT_COMPILATION_MODE = wholemodule;
				VALIDATE_PRODUCT = YES;
			};
			name = Release;
		};
		DB0326472B864BB000DB27A5 /* Debug */ = {
			isa = XCBuildConfiguration;
			buildSettings = {
				ASSETCATALOG_COMPILER_APPICON_NAME = AppIcon;
				ASSETCATALOG_COMPILER_GLOBAL_ACCENT_COLOR_NAME = AccentColor;
				CODE_SIGN_STYLE = Automatic;
				CURRENT_PROJECT_VERSION = 1;
				DEVELOPMENT_TEAM = ZQ9LR78J46;
				GENERATE_INFOPLIST_FILE = YES;
				INFOPLIST_FILE = "Personality Quiz/Info.plist";
				INFOPLIST_KEY_UIApplicationSupportsIndirectInputEvents = YES;
				INFOPLIST_KEY_UILaunchStoryboardName = LaunchScreen;
				INFOPLIST_KEY_UIMainStoryboardFile = Main;
				INFOPLIST_KEY_UISupportedInterfaceOrientations_iPad = "UIInterfaceOrientationPortrait UIInterfaceOrientationPortraitUpsideDown UIInterfaceOrientationLandscapeLeft UIInterfaceOrientationLandscapeRight";
				INFOPLIST_KEY_UISupportedInterfaceOrientations_iPhone = "UIInterfaceOrientationPortrait UIInterfaceOrientationLandscapeLeft UIInterfaceOrientationLandscapeRight";
				LD_RUNPATH_SEARCH_PATHS = (
					"$(inherited)",
					"@executable_path/Frameworks",
				);
				MARKETING_VERSION = 1.0;
				PRODUCT_BUNDLE_IDENTIFIER = "com.Cesar.Personality-Quiz";
				PRODUCT_NAME = "$(TARGET_NAME)";
				SWIFT_EMIT_LOC_STRINGS = YES;
				SWIFT_VERSION = 5.0;
				TARGETED_DEVICE_FAMILY = "1,2";
			};
			name = Debug;
		};
		DB0326482B864BB000DB27A5 /* Release */ = {
			isa = XCBuildConfiguration;
			buildSettings = {
				ASSETCATALOG_COMPILER_APPICON_NAME = AppIcon;
				ASSETCATALOG_COMPILER_GLOBAL_ACCENT_COLOR_NAME = AccentColor;
				CODE_SIGN_STYLE = Automatic;
				CURRENT_PROJECT_VERSION = 1;
				DEVELOPMENT_TEAM = ZQ9LR78J46;
				GENERATE_INFOPLIST_FILE = YES;
				INFOPLIST_FILE = "Personality Quiz/Info.plist";
				INFOPLIST_KEY_UIApplicationSupportsIndirectInputEvents = YES;
				INFOPLIST_KEY_UILaunchStoryboardName = LaunchScreen;
				INFOPLIST_KEY_UIMainStoryboardFile = Main;
				INFOPLIST_KEY_UISupportedInterfaceOrientations_iPad = "UIInterfaceOrientationPortrait UIInterfaceOrientationPortraitUpsideDown UIInterfaceOrientationLandscapeLeft UIInterfaceOrientationLandscapeRight";
				INFOPLIST_KEY_UISupportedInterfaceOrientations_iPhone = "UIInterfaceOrientationPortrait UIInterfaceOrientationLandscapeLeft UIInterfaceOrientationLandscapeRight";
				LD_RUNPATH_SEARCH_PATHS = (
					"$(inherited)",
					"@executable_path/Frameworks",
				);
				MARKETING_VERSION = 1.0;
				PRODUCT_BUNDLE_IDENTIFIER = "com.Cesar.Personality-Quiz";
				PRODUCT_NAME = "$(TARGET_NAME)";
				SWIFT_EMIT_LOC_STRINGS = YES;
				SWIFT_VERSION = 5.0;
				TARGETED_DEVICE_FAMILY = "1,2";
			};
			name = Release;
		};
		DB03264A2B864BB000DB27A5 /* Debug */ = {
			isa = XCBuildConfiguration;
			buildSettings = {
				ALWAYS_EMBED_SWIFT_STANDARD_LIBRARIES = YES;
				BUNDLE_LOADER = "$(TEST_HOST)";
				CODE_SIGN_STYLE = Automatic;
				CURRENT_PROJECT_VERSION = 1;
				DEVELOPMENT_TEAM = ZQ9LR78J46;
				GENERATE_INFOPLIST_FILE = YES;
				IPHONEOS_DEPLOYMENT_TARGET = 17.2;
				MARKETING_VERSION = 1.0;
				PRODUCT_BUNDLE_IDENTIFIER = "com.Cesar.Personality-QuizTests";
				PRODUCT_NAME = "$(TARGET_NAME)";
				SWIFT_EMIT_LOC_STRINGS = NO;
				SWIFT_VERSION = 5.0;
				TARGETED_DEVICE_FAMILY = "1,2";
				TEST_HOST = "$(BUILT_PRODUCTS_DIR)/Personality Quiz.app/$(BUNDLE_EXECUTABLE_FOLDER_PATH)/Personality Quiz";
			};
			name = Debug;
		};
		DB03264B2B864BB000DB27A5 /* Release */ = {
			isa = XCBuildConfiguration;
			buildSettings = {
				ALWAYS_EMBED_SWIFT_STANDARD_LIBRARIES = YES;
				BUNDLE_LOADER = "$(TEST_HOST)";
				CODE_SIGN_STYLE = Automatic;
				CURRENT_PROJECT_VERSION = 1;
				DEVELOPMENT_TEAM = ZQ9LR78J46;
				GENERATE_INFOPLIST_FILE = YES;
				IPHONEOS_DEPLOYMENT_TARGET = 17.2;
				MARKETING_VERSION = 1.0;
				PRODUCT_BUNDLE_IDENTIFIER = "com.Cesar.Personality-QuizTests";
				PRODUCT_NAME = "$(TARGET_NAME)";
				SWIFT_EMIT_LOC_STRINGS = NO;
				SWIFT_VERSION = 5.0;
				TARGETED_DEVICE_FAMILY = "1,2";
				TEST_HOST = "$(BUILT_PRODUCTS_DIR)/Personality Quiz.app/$(BUNDLE_EXECUTABLE_FOLDER_PATH)/Personality Quiz";
			};
			name = Release;
		};
		DB03264D2B864BB000DB27A5 /* Debug */ = {
			isa = XCBuildConfiguration;
			buildSettings = {
				ALWAYS_EMBED_SWIFT_STANDARD_LIBRARIES = YES;
				CODE_SIGN_STYLE = Automatic;
				CURRENT_PROJECT_VERSION = 1;
				DEVELOPMENT_TEAM = ZQ9LR78J46;
				GENERATE_INFOPLIST_FILE = YES;
				MARKETING_VERSION = 1.0;
				PRODUCT_BUNDLE_IDENTIFIER = "com.Cesar.Personality-QuizUITests";
				PRODUCT_NAME = "$(TARGET_NAME)";
				SWIFT_EMIT_LOC_STRINGS = NO;
				SWIFT_VERSION = 5.0;
				TARGETED_DEVICE_FAMILY = "1,2";
				TEST_TARGET_NAME = "Personality Quiz";
			};
			name = Debug;
		};
		DB03264E2B864BB000DB27A5 /* Release */ = {
			isa = XCBuildConfiguration;
			buildSettings = {
				ALWAYS_EMBED_SWIFT_STANDARD_LIBRARIES = YES;
				CODE_SIGN_STYLE = Automatic;
				CURRENT_PROJECT_VERSION = 1;
				DEVELOPMENT_TEAM = ZQ9LR78J46;
				GENERATE_INFOPLIST_FILE = YES;
				MARKETING_VERSION = 1.0;
				PRODUCT_BUNDLE_IDENTIFIER = "com.Cesar.Personality-QuizUITests";
				PRODUCT_NAME = "$(TARGET_NAME)";
				SWIFT_EMIT_LOC_STRINGS = NO;
				SWIFT_VERSION = 5.0;
				TARGETED_DEVICE_FAMILY = "1,2";
				TEST_TARGET_NAME = "Personality Quiz";
			};
			name = Release;
		};
/* End XCBuildConfiguration section */

/* Begin XCConfigurationList section */
		DB0326172B864BAE00DB27A5 /* Build configuration list for PBXProject "Personality Quiz" */ = {
			isa = XCConfigurationList;
			buildConfigurations = (
				DB0326442B864BB000DB27A5 /* Debug */,
				DB0326452B864BB000DB27A5 /* Release */,
			);
			defaultConfigurationIsVisible = 0;
			defaultConfigurationName = Release;
		};
		DB0326462B864BB000DB27A5 /* Build configuration list for PBXNativeTarget "Personality Quiz" */ = {
			isa = XCConfigurationList;
			buildConfigurations = (
				DB0326472B864BB000DB27A5 /* Debug */,
				DB0326482B864BB000DB27A5 /* Release */,
			);
			defaultConfigurationIsVisible = 0;
			defaultConfigurationName = Release;
		};
		DB0326492B864BB000DB27A5 /* Build configuration list for PBXNativeTarget "Personality QuizTests" */ = {
			isa = XCConfigurationList;
			buildConfigurations = (
				DB03264A2B864BB000DB27A5 /* Debug */,
				DB03264B2B864BB000DB27A5 /* Release */,
			);
			defaultConfigurationIsVisible = 0;
			defaultConfigurationName = Release;
		};
		DB03264C2B864BB000DB27A5 /* Build configuration list for PBXNativeTarget "Personality QuizUITests" */ = {
			isa = XCConfigurationList;
			buildConfigurations = (
				DB03264D2B864BB000DB27A5 /* Debug */,
				DB03264E2B864BB000DB27A5 /* Release */,
			);
			defaultConfigurationIsVisible = 0;
			defaultConfigurationName = Release;
		};
/* End XCConfigurationList section */
	};
	rootObject = DB0326142B864BAE00DB27A5 /* Project object */;
}
